# THIS IS AN AUTOGENERATED FILE. DO NOT EDIT THIS FILE DIRECTLY.
# yarn lockfile v1


esbuild-svelte@0.4.3:
  version "0.4.3"
  resolved "https://registry.yarnpkg.com/esbuild-svelte/-/esbuild-svelte-0.4.3.tgz#2223a024939a0f294d756af50dfe9ecd54a59b60"
  integrity sha512-XYSdgKCPLhWFCWxDVsjg9aHydWwCdaWDSEzx8PloB7fqHG3QGhU+qU8Y5P06cEtmz5N6CiK3b1RH6irYFIerUw==
  dependencies:
    svelte "^3.35.0"

esbuild@^0.11.14:
  version "0.11.14"
  resolved "https://registry.yarnpkg.com/esbuild/-/esbuild-0.11.14.tgz#0f4beba211d6d23e2825f61a89ccff1eef96361b"
  integrity sha512-ejheEPkqhq5y0LM9rG9e+3yDihPtqeeE4NZmG7VQiSGJ3CjO4HvPOHmhhttSksfSztjLAGo2+0/zSIvlqj4JOQ==

svelte@^3.35.0:
  version "3.37.0"
  resolved "https://registry.yarnpkg.com/svelte/-/svelte-3.37.0.tgz#dc7cd24bcc275cdb3f8c684ada89e50489144ccd"
  integrity sha512-TRF30F4W4+d+Jr2KzUUL1j8Mrpns/WM/WacxYlo5MMb2E5Qy2Pk1Guj6GylxsW9OnKQl1tnF8q3hG/hQ3h6VUA==
